
Microsoft Visual Studio Solution File, Format Version 12.00
# Visual Studio Version 17
VisualStudioVersion = 17.7.34024.191
MinimumVisualStudioVersion = 10.0.40219.1
Project("{9A19103F-16F7-4668-BE54-9A1E7A4F7556}") = "BasicCSharp.Labo1", "BasicCSharp.Labo1\BasicCSharp.Labo1.csproj", "{54EA0461-7A45-486A-A416-B77A617BDFAE}"
EndProject
Project("{9A19103F-16F7-4668-BE54-9A1E7A4F7556}") = "BasicCSharp.Labo2", "BasicCSharp.Labo2\BasicCSharp.Labo2.csproj", "{2138CA0A-C9BC-4D9B-8824-666C0A91A1BC}"
EndProject
Project("{2150E333-8FDC-42A3-9474-1A3956D46DE8}") = "Labo", "Labo", "{714F1FB1-72B0-4B60-BD3F-6B4E3798D9CF}"
EndProject
Project("{2150E333-8FDC-42A3-9474-1A3956D46DE8}") = "Powerpoints", "Powerpoints", "{4DD34F27-293E-4970-9D04-E1F90593F044}"
	ProjectSection(SolutionItems) = preProject
		Powerpoints\BasisCSharp-Code.pptx = Powerpoints\BasisCSharp-Code.pptx
		Powerpoints\BasisCSharp-OO.pptx = Powerpoints\BasisCSharp-OO.pptx
		Powerpoints\Basiskennis-GIT.pptx = Powerpoints\Basiskennis-GIT.pptx
		Powerpoints\Basiskennis-Logica.pptx = Powerpoints\Basiskennis-Logica.pptx
		Powerpoints\Databanken-SQL.pptx = Powerpoints\Databanken-SQL.pptx
	EndProjectSection
EndProject
Project("{2150E333-8FDC-42A3-9474-1A3956D46DE8}") = "Demo", "Demo", "{29EFB962-613C-4F4C-8C71-92FAE53B207C}"
EndProject
Project("{9A19103F-16F7-4668-BE54-9A1E7A4F7556}") = "CSharp.Demo.Basis", "CSharp.Demo.Basis\CSharp.Demo.Basis.csproj", "{46D22950-12C0-4700-94EB-0C807A524373}"
EndProject
Project("{9A19103F-16F7-4668-BE54-9A1E7A4F7556}") = "BasicCSharp.Labos", "BasicCSharp.Labos\BasicCSharp.Labos.csproj", "{E53A3A18-5DE3-421D-ABD1-E32F2BA01497}"
EndProject
Project("{2150E333-8FDC-42A3-9474-1A3956D46DE8}") = "Documents", "Documents", "{8B8CE27C-BD80-40E2-AABB-53E040BA3800}"
	ProjectSection(SolutionItems) = preProject
		Documents\Examenopdracht-basis-logica.docx = Documents\Examenopdracht-basis-logica.docx
		Documents\Mondeling-Databases.xlsx = Documents\Mondeling-Databases.xlsx
	EndProjectSection
EndProject
Project("{2150E333-8FDC-42A3-9474-1A3956D46DE8}") = "Tools", "Tools", "{06C79185-8CC5-4740-B2A0-5345A009D40C}"
EndProject
Project("{9A19103F-16F7-4668-BE54-9A1E7A4F7556}") = "ImportDbData", "ImportDbData\ImportDbData.csproj", "{EFFB007B-649D-4F8F-AEC8-3A58A0377EDB}"
EndProject
Project("{2150E333-8FDC-42A3-9474-1A3956D46DE8}") = "Data", "Data", "{9295F78E-28F9-4DBD-8179-55CEADAAEB89}"
	ProjectSection(SolutionItems) = preProject
		Documents\Data\Countries.json = Documents\Data\Countries.json
		Documents\Data\DrainAir.sql = Documents\Data\DrainAir.sql
		Documents\Data\zipcode-belgium.json = Documents\Data\zipcode-belgium.json
	EndProjectSection
EndProject
Project("{2150E333-8FDC-42A3-9474-1A3956D46DE8}") = "Info", "Info", "{CAB95902-72EB-4C67-8B37-97AA422F2D33}"
	ProjectSection(SolutionItems) = preProject
		Documents\Info\docker.txt = Documents\Info\docker.txt
		Documents\Info\Index.txt = Documents\Info\Index.txt
	EndProjectSection
EndProject
Project("{9A19103F-16F7-4668-BE54-9A1E7A4F7556}") = "CSharp.Simple.Class", "CSharp.Simple.Class\CSharp.Simple.Class.csproj", "{C5FF42CF-BF51-4084-B099-C36C44330744}"
EndProject
Project("{2150E333-8FDC-42A3-9474-1A3956D46DE8}") = "Werknemersbestand", "Werknemersbestand", "{F3AF2B86-B930-4C6E-8BB9-5CAB3B1C2466}"
EndProject
Project("{2150E333-8FDC-42A3-9474-1A3956D46DE8}") = "deel-1", "deel-1", "{F88595E5-AC44-4E24-99EE-58FEE8CAA851}"
EndProject
Project("{9A19103F-16F7-4668-BE54-9A1E7A4F7556}") = "Employee.CLI", "Employee.CLI\Employee.CLI.csproj", "{4AAC673B-9326-4505-A1DC-1DA74A02FC5A}"
EndProject
Project("{9A19103F-16F7-4668-BE54-9A1E7A4F7556}") = "CSharp.Demo.Inheritance", "CSharp.Demo.Inheritance\CSharp.Demo.Inheritance.csproj", "{C1F59A40-8798-41D7-BD21-0825A0DB6F45}"
EndProject
Project("{2150E333-8FDC-42A3-9474-1A3956D46DE8}") = "deel-2", "deel-2", "{D9D856BB-F1B1-4E70-AB41-7D6C10B96FAF}"
EndProject
Project("{9A19103F-16F7-4668-BE54-9A1E7A4F7556}") = "Employee.CLI-2", "Employee.CLI-2\Employee.CLI-2.csproj", "{EF5F28F4-4DC2-4499-8CC9-05B50FDF1A7A}"
EndProject
Project("{9A19103F-16F7-4668-BE54-9A1E7A4F7556}") = "CSharp.Demo.Interfaces", "CSharp.Demo.Interfaces\CSharp.Demo.Interfaces.csproj", "{7936302C-5B4C-4399-9A15-9CA5A809D0D3}"
EndProject
Project("{2150E333-8FDC-42A3-9474-1A3956D46DE8}") = "First", "First", "{2052ADAF-80C0-4312-917B-12EF45A82619}"
EndProject
Project("{2150E333-8FDC-42A3-9474-1A3956D46DE8}") = "OO", "OO", "{38FC3232-AA88-4DE6-B42D-507B3D76556D}"
EndProject
Project("{9A19103F-16F7-4668-BE54-9A1E7A4F7556}") = "Labo.AnimalFarm", "Labo.AnimalFarm\Labo.AnimalFarm.csproj", "{F5634297-D1B2-47B7-836C-DABFB2E9149A}"
EndProject
Project("{9A19103F-16F7-4668-BE54-9A1E7A4F7556}") = "AnimalFarm", "AnimalFarm\AnimalFarm.csproj", "{30BAD444-77CD-433F-8B18-8C944C47FC48}"
EndProject
Project("{FAE04EC0-301F-11D3-BF4B-00C04F79EFBC}") = "CSharp.Demo.Delegates", "CSharp.Demo.Delegates\CSharp.Demo.Delegates.csproj", "{BBB0B90E-8B68-4F0E-8CD6-2EB49423DE20}"
EndProject
Project("{FAE04EC0-301F-11D3-BF4B-00C04F79EFBC}") = "CSharp.Demo.GenericTypes", "CSharp.Demo.GenericTypes\CSharp.Demo.GenericTypes.csproj", "{D95E7CF9-A221-44AC-ACE9-C4654378B8AD}"
EndProject
Global
	GlobalSection(SolutionConfigurationPlatforms) = preSolution
		Debug|Any CPU = Debug|Any CPU
		Release|Any CPU = Release|Any CPU
	EndGlobalSection
	GlobalSection(ProjectConfigurationPlatforms) = postSolution
		{54EA0461-7A45-486A-A416-B77A617BDFAE}.Debug|Any CPU.ActiveCfg = Debug|Any CPU
		{54EA0461-7A45-486A-A416-B77A617BDFAE}.Debug|Any CPU.Build.0 = Debug|Any CPU
		{54EA0461-7A45-486A-A416-B77A617BDFAE}.Release|Any CPU.ActiveCfg = Release|Any CPU
		{54EA0461-7A45-486A-A416-B77A617BDFAE}.Release|Any CPU.Build.0 = Release|Any CPU
		{2138CA0A-C9BC-4D9B-8824-666C0A91A1BC}.Debug|Any CPU.ActiveCfg = Debug|Any CPU
		{2138CA0A-C9BC-4D9B-8824-666C0A91A1BC}.Debug|Any CPU.Build.0 = Debug|Any CPU
		{2138CA0A-C9BC-4D9B-8824-666C0A91A1BC}.Release|Any CPU.ActiveCfg = Release|Any CPU
		{2138CA0A-C9BC-4D9B-8824-666C0A91A1BC}.Release|Any CPU.Build.0 = Release|Any CPU
		{46D22950-12C0-4700-94EB-0C807A524373}.Debug|Any CPU.ActiveCfg = Debug|Any CPU
		{46D22950-12C0-4700-94EB-0C807A524373}.Debug|Any CPU.Build.0 = Debug|Any CPU
		{46D22950-12C0-4700-94EB-0C807A524373}.Release|Any CPU.ActiveCfg = Release|Any CPU
		{46D22950-12C0-4700-94EB-0C807A524373}.Release|Any CPU.Build.0 = Release|Any CPU
		{E53A3A18-5DE3-421D-ABD1-E32F2BA01497}.Debug|Any CPU.ActiveCfg = Debug|Any CPU
		{E53A3A18-5DE3-421D-ABD1-E32F2BA01497}.Debug|Any CPU.Build.0 = Debug|Any CPU
		{E53A3A18-5DE3-421D-ABD1-E32F2BA01497}.Release|Any CPU.ActiveCfg = Release|Any CPU
		{E53A3A18-5DE3-421D-ABD1-E32F2BA01497}.Release|Any CPU.Build.0 = Release|Any CPU
		{EFFB007B-649D-4F8F-AEC8-3A58A0377EDB}.Debug|Any CPU.ActiveCfg = Debug|Any CPU
		{EFFB007B-649D-4F8F-AEC8-3A58A0377EDB}.Debug|Any CPU.Build.0 = Debug|Any CPU
		{EFFB007B-649D-4F8F-AEC8-3A58A0377EDB}.Release|Any CPU.ActiveCfg = Release|Any CPU
		{EFFB007B-649D-4F8F-AEC8-3A58A0377EDB}.Release|Any CPU.Build.0 = Release|Any CPU
		{C5FF42CF-BF51-4084-B099-C36C44330744}.Debug|Any CPU.ActiveCfg = Debug|Any CPU
		{C5FF42CF-BF51-4084-B099-C36C44330744}.Debug|Any CPU.Build.0 = Debug|Any CPU
		{C5FF42CF-BF51-4084-B099-C36C44330744}.Release|Any CPU.ActiveCfg = Release|Any CPU
		{C5FF42CF-BF51-4084-B099-C36C44330744}.Release|Any CPU.Build.0 = Release|Any CPU
		{4AAC673B-9326-4505-A1DC-1DA74A02FC5A}.Debug|Any CPU.ActiveCfg = Debug|Any CPU
		{4AAC673B-9326-4505-A1DC-1DA74A02FC5A}.Debug|Any CPU.Build.0 = Debug|Any CPU
		{4AAC673B-9326-4505-A1DC-1DA74A02FC5A}.Release|Any CPU.ActiveCfg = Release|Any CPU
		{4AAC673B-9326-4505-A1DC-1DA74A02FC5A}.Release|Any CPU.Build.0 = Release|Any CPU
		{C1F59A40-8798-41D7-BD21-0825A0DB6F45}.Debug|Any CPU.ActiveCfg = Debug|Any CPU
		{C1F59A40-8798-41D7-BD21-0825A0DB6F45}.Debug|Any CPU.Build.0 = Debug|Any CPU
		{C1F59A40-8798-41D7-BD21-0825A0DB6F45}.Release|Any CPU.ActiveCfg = Release|Any CPU
		{C1F59A40-8798-41D7-BD21-0825A0DB6F45}.Release|Any CPU.Build.0 = Release|Any CPU
		{EF5F28F4-4DC2-4499-8CC9-05B50FDF1A7A}.Debug|Any CPU.ActiveCfg = Debug|Any CPU
		{EF5F28F4-4DC2-4499-8CC9-05B50FDF1A7A}.Debug|Any CPU.Build.0 = Debug|Any CPU
		{EF5F28F4-4DC2-4499-8CC9-05B50FDF1A7A}.Release|Any CPU.ActiveCfg = Release|Any CPU
		{EF5F28F4-4DC2-4499-8CC9-05B50FDF1A7A}.Release|Any CPU.Build.0 = Release|Any CPU
		{7936302C-5B4C-4399-9A15-9CA5A809D0D3}.Debug|Any CPU.ActiveCfg = Debug|Any CPU
		{7936302C-5B4C-4399-9A15-9CA5A809D0D3}.Debug|Any CPU.Build.0 = Debug|Any CPU
		{7936302C-5B4C-4399-9A15-9CA5A809D0D3}.Release|Any CPU.ActiveCfg = Release|Any CPU
		{7936302C-5B4C-4399-9A15-9CA5A809D0D3}.Release|Any CPU.Build.0 = Release|Any CPU
		{F5634297-D1B2-47B7-836C-DABFB2E9149A}.Debug|Any CPU.ActiveCfg = Debug|Any CPU
		{F5634297-D1B2-47B7-836C-DABFB2E9149A}.Debug|Any CPU.Build.0 = Debug|Any CPU
		{F5634297-D1B2-47B7-836C-DABFB2E9149A}.Release|Any CPU.ActiveCfg = Release|Any CPU
		{F5634297-D1B2-47B7-836C-DABFB2E9149A}.Release|Any CPU.Build.0 = Release|Any CPU
		{30BAD444-77CD-433F-8B18-8C944C47FC48}.Debug|Any CPU.ActiveCfg = Debug|Any CPU
		{30BAD444-77CD-433F-8B18-8C944C47FC48}.Debug|Any CPU.Build.0 = Debug|Any CPU
		{30BAD444-77CD-433F-8B18-8C944C47FC48}.Release|Any CPU.ActiveCfg = Release|Any CPU
		{30BAD444-77CD-433F-8B18-8C944C47FC48}.Release|Any CPU.Build.0 = Release|Any CPU
		{BBB0B90E-8B68-4F0E-8CD6-2EB49423DE20}.Debug|Any CPU.ActiveCfg = Debug|Any CPU
		{BBB0B90E-8B68-4F0E-8CD6-2EB49423DE20}.Debug|Any CPU.Build.0 = Debug|Any CPU
		{BBB0B90E-8B68-4F0E-8CD6-2EB49423DE20}.Release|Any CPU.ActiveCfg = Release|Any CPU
		{BBB0B90E-8B68-4F0E-8CD6-2EB49423DE20}.Release|Any CPU.Build.0 = Release|Any CPU
		{D95E7CF9-A221-44AC-ACE9-C4654378B8AD}.Debug|Any CPU.ActiveCfg = Debug|Any CPU
		{D95E7CF9-A221-44AC-ACE9-C4654378B8AD}.Debug|Any CPU.Build.0 = Debug|Any CPU
		{D95E7CF9-A221-44AC-ACE9-C4654378B8AD}.Release|Any CPU.ActiveCfg = Release|Any CPU
		{D95E7CF9-A221-44AC-ACE9-C4654378B8AD}.Release|Any CPU.Build.0 = Release|Any CPU
	EndGlobalSection
	GlobalSection(SolutionProperties) = preSolution
		HideSolutionNode = FALSE
	EndGlobalSection
	GlobalSection(NestedProjects) = preSolution
		{54EA0461-7A45-486A-A416-B77A617BDFAE} = {2052ADAF-80C0-4312-917B-12EF45A82619}
		{2138CA0A-C9BC-4D9B-8824-666C0A91A1BC} = {2052ADAF-80C0-4312-917B-12EF45A82619}
		{46D22950-12C0-4700-94EB-0C807A524373} = {29EFB962-613C-4F4C-8C71-92FAE53B207C}
		{E53A3A18-5DE3-421D-ABD1-E32F2BA01497} = {2052ADAF-80C0-4312-917B-12EF45A82619}
		{EFFB007B-649D-4F8F-AEC8-3A58A0377EDB} = {06C79185-8CC5-4740-B2A0-5345A009D40C}
		{9295F78E-28F9-4DBD-8179-55CEADAAEB89} = {8B8CE27C-BD80-40E2-AABB-53E040BA3800}
		{CAB95902-72EB-4C67-8B37-97AA422F2D33} = {8B8CE27C-BD80-40E2-AABB-53E040BA3800}
		{C5FF42CF-BF51-4084-B099-C36C44330744} = {29EFB962-613C-4F4C-8C71-92FAE53B207C}
		{F88595E5-AC44-4E24-99EE-58FEE8CAA851} = {F3AF2B86-B930-4C6E-8BB9-5CAB3B1C2466}
		{4AAC673B-9326-4505-A1DC-1DA74A02FC5A} = {F88595E5-AC44-4E24-99EE-58FEE8CAA851}
		{C1F59A40-8798-41D7-BD21-0825A0DB6F45} = {29EFB962-613C-4F4C-8C71-92FAE53B207C}
		{D9D856BB-F1B1-4E70-AB41-7D6C10B96FAF} = {F3AF2B86-B930-4C6E-8BB9-5CAB3B1C2466}
		{EF5F28F4-4DC2-4499-8CC9-05B50FDF1A7A} = {D9D856BB-F1B1-4E70-AB41-7D6C10B96FAF}
		{7936302C-5B4C-4399-9A15-9CA5A809D0D3} = {29EFB962-613C-4F4C-8C71-92FAE53B207C}
		{2052ADAF-80C0-4312-917B-12EF45A82619} = {714F1FB1-72B0-4B60-BD3F-6B4E3798D9CF}
		{38FC3232-AA88-4DE6-B42D-507B3D76556D} = {714F1FB1-72B0-4B60-BD3F-6B4E3798D9CF}
		{F5634297-D1B2-47B7-836C-DABFB2E9149A} = {38FC3232-AA88-4DE6-B42D-507B3D76556D}
		{30BAD444-77CD-433F-8B18-8C944C47FC48} = {38FC3232-AA88-4DE6-B42D-507B3D76556D}
		{BBB0B90E-8B68-4F0E-8CD6-2EB49423DE20} = {29EFB962-613C-4F4C-8C71-92FAE53B207C}
		{D95E7CF9-A221-44AC-ACE9-C4654378B8AD} = {29EFB962-613C-4F4C-8C71-92FAE53B207C}
	EndGlobalSection
	GlobalSection(ExtensibilityGlobals) = postSolution
		SolutionGuid = {F2775B28-C45F-4515-BCA6-F41B755DDA44}
	EndGlobalSection
EndGlobal
