
Microsoft Visual Studio Solution File, Format Version 12.00
# Visual Studio Version 17
VisualStudioVersion = 17.7.34024.191
MinimumVisualStudioVersion = 10.0.40219.1
Project("{9A19103F-16F7-4668-BE54-9A1E7A4F7556}") = "BasicCSharp.Labo1", "BasicCSharp.Labo1\BasicCSharp.Labo1.csproj", "{54EA0461-7A45-486A-A416-B77A617BDFAE}"
EndProject
Project("{9A19103F-16F7-4668-BE54-9A1E7A4F7556}") = "BasicCSharp.Labo2", "BasicCSharp.Labo2\BasicCSharp.Labo2.csproj", "{2138CA0A-C9BC-4D9B-8824-666C0A91A1BC}"
EndProject
Project("{2150E333-8FDC-42A3-9474-1A3956D46DE8}") = "First labo", "First labo", "{714F1FB1-72B0-4B60-BD3F-6B4E3798D9CF}"
EndProject
Project("{2150E333-8FDC-42A3-9474-1A3956D46DE8}") = "Powerpoints", "Powerpoints", "{4DD34F27-293E-4970-9D04-E1F90593F044}"
	ProjectSection(SolutionItems) = preProject
		Powerpoints\BasisCSharp-Code.pptx = Powerpoints\BasisCSharp-Code.pptx
		Powerpoints\Basiskennis-GIT.pptx = Powerpoints\Basiskennis-GIT.pptx
		Powerpoints\Basiskennis-Logica.pptx = Powerpoints\Basiskennis-Logica.pptx
		Powerpoints\Databanken-SQL.pptx = Powerpoints\Databanken-SQL.pptx
		Index.txt = Index.txt
	EndProjectSection
EndProject
Project("{2150E333-8FDC-42A3-9474-1A3956D46DE8}") = "Demo", "Demo", "{29EFB962-613C-4F4C-8C71-92FAE53B207C}"
EndProject
Project("{9A19103F-16F7-4668-BE54-9A1E7A4F7556}") = "CSharp.Demo.Basis", "CSharp.Demo.Basis\CSharp.Demo.Basis.csproj", "{46D22950-12C0-4700-94EB-0C807A524373}"
EndProject
Project("{9A19103F-16F7-4668-BE54-9A1E7A4F7556}") = "BasicCSharp.Labos", "BasicCSharp.Labos\BasicCSharp.Labos.csproj", "{E53A3A18-5DE3-421D-ABD1-E32F2BA01497}"
EndProject
Project("{2150E333-8FDC-42A3-9474-1A3956D46DE8}") = "Documents", "Documents", "{8B8CE27C-BD80-40E2-AABB-53E040BA3800}"
	ProjectSection(SolutionItems) = preProject
		Documents\Examenopdracht-basis-logica.docx = Documents\Examenopdracht-basis-logica.docx
	EndProjectSection
EndProject
Global
	GlobalSection(SolutionConfigurationPlatforms) = preSolution
		Debug|Any CPU = Debug|Any CPU
		Release|Any CPU = Release|Any CPU
	EndGlobalSection
	GlobalSection(ProjectConfigurationPlatforms) = postSolution
		{54EA0461-7A45-486A-A416-B77A617BDFAE}.Debug|Any CPU.ActiveCfg = Debug|Any CPU
		{54EA0461-7A45-486A-A416-B77A617BDFAE}.Debug|Any CPU.Build.0 = Debug|Any CPU
		{54EA0461-7A45-486A-A416-B77A617BDFAE}.Release|Any CPU.ActiveCfg = Release|Any CPU
		{54EA0461-7A45-486A-A416-B77A617BDFAE}.Release|Any CPU.Build.0 = Release|Any CPU
		{2138CA0A-C9BC-4D9B-8824-666C0A91A1BC}.Debug|Any CPU.ActiveCfg = Debug|Any CPU
		{2138CA0A-C9BC-4D9B-8824-666C0A91A1BC}.Debug|Any CPU.Build.0 = Debug|Any CPU
		{2138CA0A-C9BC-4D9B-8824-666C0A91A1BC}.Release|Any CPU.ActiveCfg = Release|Any CPU
		{2138CA0A-C9BC-4D9B-8824-666C0A91A1BC}.Release|Any CPU.Build.0 = Release|Any CPU
		{46D22950-12C0-4700-94EB-0C807A524373}.Debug|Any CPU.ActiveCfg = Debug|Any CPU
		{46D22950-12C0-4700-94EB-0C807A524373}.Debug|Any CPU.Build.0 = Debug|Any CPU
		{46D22950-12C0-4700-94EB-0C807A524373}.Release|Any CPU.ActiveCfg = Release|Any CPU
		{46D22950-12C0-4700-94EB-0C807A524373}.Release|Any CPU.Build.0 = Release|Any CPU
		{E53A3A18-5DE3-421D-ABD1-E32F2BA01497}.Debug|Any CPU.ActiveCfg = Debug|Any CPU
		{E53A3A18-5DE3-421D-ABD1-E32F2BA01497}.Debug|Any CPU.Build.0 = Debug|Any CPU
		{E53A3A18-5DE3-421D-ABD1-E32F2BA01497}.Release|Any CPU.ActiveCfg = Release|Any CPU
		{E53A3A18-5DE3-421D-ABD1-E32F2BA01497}.Release|Any CPU.Build.0 = Release|Any CPU
	EndGlobalSection
	GlobalSection(SolutionProperties) = preSolution
		HideSolutionNode = FALSE
	EndGlobalSection
	GlobalSection(NestedProjects) = preSolution
		{54EA0461-7A45-486A-A416-B77A617BDFAE} = {714F1FB1-72B0-4B60-BD3F-6B4E3798D9CF}
		{2138CA0A-C9BC-4D9B-8824-666C0A91A1BC} = {714F1FB1-72B0-4B60-BD3F-6B4E3798D9CF}
		{46D22950-12C0-4700-94EB-0C807A524373} = {29EFB962-613C-4F4C-8C71-92FAE53B207C}
		{E53A3A18-5DE3-421D-ABD1-E32F2BA01497} = {714F1FB1-72B0-4B60-BD3F-6B4E3798D9CF}
	EndGlobalSection
	GlobalSection(ExtensibilityGlobals) = postSolution
		SolutionGuid = {F2775B28-C45F-4515-BCA6-F41B755DDA44}
	EndGlobalSection
EndGlobal
