
Microsoft Visual Studio Solution File, Format Version 12.00
# Visual Studio Version 17
VisualStudioVersion = 17.7.34024.191
MinimumVisualStudioVersion = 10.0.40219.1
Project("{9A19103F-16F7-4668-BE54-9A1E7A4F7556}") = "BasicCSharp.Labo1", "BasicCSharp.Labo1\BasicCSharp.Labo1.csproj", "{54EA0461-7A45-486A-A416-B77A617BDFAE}"
EndProject
Project("{FAE04EC0-301F-11D3-BF4B-00C04F79EFBC}") = "BasicCSharp.Labo2", "BasicCSharp.Labo2\BasicCSharp.Labo2.csproj", "{2138CA0A-C9BC-4D9B-8824-666C0A91A1BC}"
EndProject
Global
	GlobalSection(SolutionConfigurationPlatforms) = preSolution
		Debug|Any CPU = Debug|Any CPU
		Release|Any CPU = Release|Any CPU
	EndGlobalSection
	GlobalSection(ProjectConfigurationPlatforms) = postSolution
		{54EA0461-7A45-486A-A416-B77A617BDFAE}.Debug|Any CPU.ActiveCfg = Debug|Any CPU
		{54EA0461-7A45-486A-A416-B77A617BDFAE}.Debug|Any CPU.Build.0 = Debug|Any CPU
		{54EA0461-7A45-486A-A416-B77A617BDFAE}.Release|Any CPU.ActiveCfg = Release|Any CPU
		{54EA0461-7A45-486A-A416-B77A617BDFAE}.Release|Any CPU.Build.0 = Release|Any CPU
		{2138CA0A-C9BC-4D9B-8824-666C0A91A1BC}.Debug|Any CPU.ActiveCfg = Debug|Any CPU
		{2138CA0A-C9BC-4D9B-8824-666C0A91A1BC}.Debug|Any CPU.Build.0 = Debug|Any CPU
		{2138CA0A-C9BC-4D9B-8824-666C0A91A1BC}.Release|Any CPU.ActiveCfg = Release|Any CPU
		{2138CA0A-C9BC-4D9B-8824-666C0A91A1BC}.Release|Any CPU.Build.0 = Release|Any CPU
	EndGlobalSection
	GlobalSection(SolutionProperties) = preSolution
		HideSolutionNode = FALSE
	EndGlobalSection
	GlobalSection(ExtensibilityGlobals) = postSolution
		SolutionGuid = {F2775B28-C45F-4515-BCA6-F41B755DDA44}
	EndGlobalSection
EndGlobal
